<?xml version="1.0" encoding="utf-8"?>
<Project ToolsVersion="4.0" xmlns="http://schemas.microsoft.com/developer/msbuild/2003">
  <ItemGroup>
    <ClCompile Include="DoomGauge.cpp" />
    <ClCompile Include="Compass.cpp" />
    <ClCompile Include="Demo.cpp" />
    <ClCompile Include="$(MSFS_SDK)WASM\src\MSFS\render\nanovg.cpp" />
    <ClCompile Include="doom\am_map.c" />
    <ClCompile Include="doom\d_event.c" />
    <ClCompile Include="doom\d_items.c" />
    <ClCompile Include="doom\d_iwad.c" />
    <ClCompile Include="doom\d_loop.c" />
    <ClCompile Include="doom\d_main.c" />
    <ClCompile Include="doom\d_mode.c" />
    <ClCompile Include="doom\d_net.c" />
    <ClCompile Include="doom\doomdef.c" />
    <ClCompile Include="doom\doomgeneric.c" />
    <ClCompile Include="doom\doomgeneric_fs2020.cpp" />
    <ClCompile Include="doom\doomstat.c" />
    <ClCompile Include="doom\dstrings.c" />
    <ClCompile Include="doom\dummy.c" />
    <ClCompile Include="doom\f_finale.c" />
    <ClCompile Include="doom\f_wipe.c" />
    <ClCompile Include="doom\g_game.c" />
    <ClCompile Include="doom\gusconf.c" />
    <ClCompile Include="doom\hu_lib.c" />
    <ClCompile Include="doom\hu_stuff.c" />
    <ClCompile Include="doom\i_cdmus.c" />
    <ClCompile Include="doom\i_endoom.c" />
    <ClCompile Include="doom\i_input.c" />
    <ClCompile Include="doom\i_joystick.c" />
    <ClCompile Include="doom\i_scale.c" />
    <ClCompile Include="doom\i_sound.c" />
    <ClCompile Include="doom\i_system.c" />
    <ClCompile Include="doom\i_timer.c" />
    <ClCompile Include="doom\i_video.c" />
    <ClCompile Include="doom\icon.c" />
    <ClCompile Include="doom\info.c" />
    <ClCompile Include="doom\m_argv.c" />
    <ClCompile Include="doom\m_bbox.c" />
    <ClCompile Include="doom\m_cheat.c" />
    <ClCompile Include="doom\m_config.c" />
    <ClCompile Include="doom\m_controls.c" />
    <ClCompile Include="doom\m_fixed.c" />
    <ClCompile Include="doom\m_menu.c" />
    <ClCompile Include="doom\m_misc.c" />
    <ClCompile Include="doom\m_random.c" />
    <ClCompile Include="doom\memio.c" />
    <ClCompile Include="doom\mus2mid.c" />
    <ClCompile Include="doom\p_ceilng.c" />
    <ClCompile Include="doom\p_doors.c" />
    <ClCompile Include="doom\p_enemy.c" />
    <ClCompile Include="doom\p_floor.c" />
    <ClCompile Include="doom\p_inter.c" />
    <ClCompile Include="doom\p_lights.c" />
    <ClCompile Include="doom\p_map.c" />
    <ClCompile Include="doom\p_maputl.c" />
    <ClCompile Include="doom\p_mobj.c" />
    <ClCompile Include="doom\p_plats.c" />
    <ClCompile Include="doom\p_pspr.c" />
    <ClCompile Include="doom\p_saveg.c" />
    <ClCompile Include="doom\p_setup.c" />
    <ClCompile Include="doom\p_sight.c" />
    <ClCompile Include="doom\p_spec.c" />
    <ClCompile Include="doom\p_switch.c" />
    <ClCompile Include="doom\p_telept.c" />
    <ClCompile Include="doom\p_tick.c" />
    <ClCompile Include="doom\p_user.c" />
    <ClCompile Include="doom\r_bsp.c" />
    <ClCompile Include="doom\r_data.c" />
    <ClCompile Include="doom\r_draw.c" />
    <ClCompile Include="doom\r_main.c" />
    <ClCompile Include="doom\r_plane.c" />
    <ClCompile Include="doom\r_segs.c" />
    <ClCompile Include="doom\r_sky.c" />
    <ClCompile Include="doom\r_things.c" />
    <ClCompile Include="doom\s_sound.c" />
    <ClCompile Include="doom\sha1.c" />
    <ClCompile Include="doom\sounds.c" />
    <ClCompile Include="doom\st_lib.c" />
    <ClCompile Include="doom\st_stuff.c" />
    <ClCompile Include="doom\statdump.c" />
    <ClCompile Include="doom\tables.c" />
    <ClCompile Include="doom\v_video.c" />
    <ClCompile Include="doom\w_checksum.c" />
    <ClCompile Include="doom\w_file.c" />
    <ClCompile Include="doom\w_file_stdc.c" />
    <ClCompile Include="doom\w_main.c" />
    <ClCompile Include="doom\w_wad.c" />
    <ClCompile Include="doom\wi_stuff.c" />
    <ClCompile Include="doom\z_zone.c" />
  </ItemGroup>
  <ItemGroup>
    <ClInclude Include="$(MSFS_SDK)WASM\include\MSFS\render\fontstash.h" />
    <ClInclude Include="$(MSFS_SDK)WASM\include\MSFS\render\nanovg.h" />
    <ClInclude Include="$(MSFS_SDK)WASM\include\MSFS\render\stb_image.h" />
    <ClInclude Include="$(MSFS_SDK)WASM\include\MSFS\render\stb_truetype.h" />
    <ClInclude Include="doom\am_map.h" />
    <ClInclude Include="doom\config.h" />
    <ClInclude Include="doom\d_englsh.h" />
    <ClInclude Include="doom\d_event.h" />
    <ClInclude Include="doom\d_items.h" />
    <ClInclude Include="doom\d_iwad.h" />
    <ClInclude Include="doom\d_loop.h" />
    <ClInclude Include="doom\d_main.h" />
    <ClInclude Include="doom\d_mode.h" />
    <ClInclude Include="doom\d_player.h" />
    <ClInclude Include="doom\d_textur.h" />
    <ClInclude Include="doom\d_think.h" />
    <ClInclude Include="doom\d_ticcmd.h" />
    <ClInclude Include="doom\deh_main.h" />
    <ClInclude Include="doom\deh_misc.h" />
    <ClInclude Include="doom\deh_str.h" />
    <ClInclude Include="doom\doom.h" />
    <ClInclude Include="doom\doomdata.h" />
    <ClInclude Include="doom\doomdef.h" />
    <ClInclude Include="doom\doomfeatures.h" />
    <ClInclude Include="doom\doomgeneric.h" />
    <ClInclude Include="doom\doomkeys.h" />
    <ClInclude Include="doom\doomstat.h" />
    <ClInclude Include="doom\doomtype.h" />
    <ClInclude Include="doom\dstrings.h" />
    <ClInclude Include="doom\f_finale.h" />
    <ClInclude Include="doom\f_wipe.h" />
    <ClInclude Include="doom\g_game.h" />
    <ClInclude Include="doom\gusconf.h" />
    <ClInclude Include="doom\hu_lib.h" />
    <ClInclude Include="doom\hu_stuff.h" />
    <ClInclude Include="doom\i_cdmus.h" />
    <ClInclude Include="doom\i_endoom.h" />
    <ClInclude Include="doom\i_joystick.h" />
    <ClInclude Include="doom\i_scale.h" />
    <ClInclude Include="doom\i_sound.h" />
    <ClInclude Include="doom\i_swap.h" />
    <ClInclude Include="doom\i_system.h" />
    <ClInclude Include="doom\i_timer.h" />
    <ClInclude Include="doom\i_video.h" />
    <ClInclude Include="doom\info.h" />
    <ClInclude Include="doom\m_argv.h" />
    <ClInclude Include="doom\m_bbox.h" />
    <ClInclude Include="doom\m_cheat.h" />
    <ClInclude Include="doom\m_config.h" />
    <ClInclude Include="doom\m_controls.h" />
    <ClInclude Include="doom\m_fixed.h" />
    <ClInclude Include="doom\m_menu.h" />
    <ClInclude Include="doom\m_misc.h" />
    <ClInclude Include="doom\m_random.h" />
    <ClInclude Include="doom\memio.h" />
    <ClInclude Include="doom\mus2mid.h" />
    <ClInclude Include="doom\net_client.h" />
    <ClInclude Include="doom\net_dedicated.h" />
    <ClInclude Include="doom\net_defs.h" />
    <ClInclude Include="doom\net_gui.h" />
    <ClInclude Include="doom\net_io.h" />
    <ClInclude Include="doom\net_loop.h" />
    <ClInclude Include="doom\net_packet.h" />
    <ClInclude Include="doom\net_query.h" />
    <ClInclude Include="doom\net_sdl.h" />
    <ClInclude Include="doom\net_server.h" />
    <ClInclude Include="doom\p_inter.h" />
    <ClInclude Include="doom\p_local.h" />
    <ClInclude Include="doom\p_mobj.h" />
    <ClInclude Include="doom\p_pspr.h" />
    <ClInclude Include="doom\p_saveg.h" />
    <ClInclude Include="doom\p_setup.h" />
    <ClInclude Include="doom\p_spec.h" />
    <ClInclude Include="doom\p_tick.h" />
    <ClInclude Include="doom\r_bsp.h" />
    <ClInclude Include="doom\r_data.h" />
    <ClInclude Include="doom\r_defs.h" />
    <ClInclude Include="doom\r_draw.h" />
    <ClInclude Include="doom\r_local.h" />
    <ClInclude Include="doom\r_main.h" />
    <ClInclude Include="doom\r_plane.h" />
    <ClInclude Include="doom\r_segs.h" />
    <ClInclude Include="doom\r_sky.h" />
    <ClInclude Include="doom\r_state.h" />
    <ClInclude Include="doom\r_things.h" />
    <ClInclude Include="doom\s_sound.h" />
    <ClInclude Include="doom\sha1.h" />
    <ClInclude Include="doom\sounds.h" />
    <ClInclude Include="doom\st_lib.h" />
    <ClInclude Include="doom\st_stuff.h" />
    <ClInclude Include="doom\statdump.h" />
    <ClInclude Include="doom\tables.h" />
    <ClInclude Include="doom\v_patch.h" />
    <ClInclude Include="doom\v_video.h" />
    <ClInclude Include="doom\w_checksum.h" />
    <ClInclude Include="doom\w_file.h" />
    <ClInclude Include="doom\w_main.h" />
    <ClInclude Include="doom\w_merge.h" />
    <ClInclude Include="doom\w_wad.h" />
    <ClInclude Include="doom\wi_stuff.h" />
    <ClInclude Include="doom\z_zone.h" />
  </ItemGroup>
  <ItemGroup>
    <Filter Include="Utils">
      <UniqueIdentifier>{127a6c6e-3b72-4223-a37d-c591874b3b6f}</UniqueIdentifier>
    </Filter>
  </ItemGroup>
</Project>